
Microsoft Visual Studio Solution File, Format Version 12.00
# Visual Studio Version 17
VisualStudioVersion = 17.0.31903.59
MinimumVisualStudioVersion = 10.0.40219.1
Project("{9A19103F-16F7-4668-BE54-9A1E7A4F7556}") = "Vrata24.Api", "Vrata24.Api\Vrata24.Api.csproj", "{CA4090E0-2363-49FB-A4C5-2B53C0C2A41B}"
EndProject
Project("{9A19103F-16F7-4668-BE54-9A1E7A4F7556}") = "Vrata24.Core", "Vrata24.Core\Vrata24.Core.csproj", "{082F6539-9FD1-4C4D-ABB8-2489824C8F8F}"
EndProject
Project("{9A19103F-16F7-4668-BE54-9A1E7A4F7556}") = "Vrata24.Infrastructure", "Vrata24.Infrastructure\Vrata24.Infrastructure.csproj", "{0ED15D3D-DF8B-4B7C-BCB8-357218B22D9A}"
EndProject
Project("{E24C65DC-7377-472B-9ABA-BC803B73C61A}") = "Client", "Client\", "{B7973CB6-D436-417D-83F9-D10C5F1243E7}"
	ProjectSection(WebsiteProperties) = preProject
		TargetFrameworkMoniker = ".NETFramework,Version%3Dv4.8"
		Debug.AspNetCompiler.VirtualPath = "/localhost_59643"
		Debug.AspNetCompiler.PhysicalPath = "Client\"
		Debug.AspNetCompiler.TargetPath = "PrecompiledWeb\localhost_59643\"
		Debug.AspNetCompiler.Updateable = "true"
		Debug.AspNetCompiler.ForceOverwrite = "true"
		Debug.AspNetCompiler.FixedNames = "false"
		Debug.AspNetCompiler.Debug = "True"
		Release.AspNetCompiler.VirtualPath = "/localhost_59643"
		Release.AspNetCompiler.PhysicalPath = "Client\"
		Release.AspNetCompiler.TargetPath = "PrecompiledWeb\localhost_59643\"
		Release.AspNetCompiler.Updateable = "true"
		Release.AspNetCompiler.ForceOverwrite = "true"
		Release.AspNetCompiler.FixedNames = "false"
		Release.AspNetCompiler.Debug = "False"
		VWDPort = "59643"
	EndProjectSection
EndProject
Global
	GlobalSection(SolutionConfigurationPlatforms) = preSolution
		Debug|Any CPU = Debug|Any CPU
		Release|Any CPU = Release|Any CPU
	EndGlobalSection
	GlobalSection(ProjectConfigurationPlatforms) = postSolution
		{CA4090E0-2363-49FB-A4C5-2B53C0C2A41B}.Debug|Any CPU.ActiveCfg = Debug|Any CPU
		{CA4090E0-2363-49FB-A4C5-2B53C0C2A41B}.Debug|Any CPU.Build.0 = Debug|Any CPU
		{CA4090E0-2363-49FB-A4C5-2B53C0C2A41B}.Release|Any CPU.ActiveCfg = Release|Any CPU
		{CA4090E0-2363-49FB-A4C5-2B53C0C2A41B}.Release|Any CPU.Build.0 = Release|Any CPU
		{082F6539-9FD1-4C4D-ABB8-2489824C8F8F}.Debug|Any CPU.ActiveCfg = Debug|Any CPU
		{082F6539-9FD1-4C4D-ABB8-2489824C8F8F}.Debug|Any CPU.Build.0 = Debug|Any CPU
		{082F6539-9FD1-4C4D-ABB8-2489824C8F8F}.Release|Any CPU.ActiveCfg = Release|Any CPU
		{082F6539-9FD1-4C4D-ABB8-2489824C8F8F}.Release|Any CPU.Build.0 = Release|Any CPU
		{0ED15D3D-DF8B-4B7C-BCB8-357218B22D9A}.Debug|Any CPU.ActiveCfg = Debug|Any CPU
		{0ED15D3D-DF8B-4B7C-BCB8-357218B22D9A}.Debug|Any CPU.Build.0 = Debug|Any CPU
		{0ED15D3D-DF8B-4B7C-BCB8-357218B22D9A}.Release|Any CPU.ActiveCfg = Release|Any CPU
		{0ED15D3D-DF8B-4B7C-BCB8-357218B22D9A}.Release|Any CPU.Build.0 = Release|Any CPU
		{B7973CB6-D436-417D-83F9-D10C5F1243E7}.Debug|Any CPU.ActiveCfg = Debug|Any CPU
		{B7973CB6-D436-417D-83F9-D10C5F1243E7}.Debug|Any CPU.Build.0 = Debug|Any CPU
		{B7973CB6-D436-417D-83F9-D10C5F1243E7}.Release|Any CPU.ActiveCfg = Debug|Any CPU
		{B7973CB6-D436-417D-83F9-D10C5F1243E7}.Release|Any CPU.Build.0 = Debug|Any CPU
	EndGlobalSection
	GlobalSection(SolutionProperties) = preSolution
		HideSolutionNode = FALSE
	EndGlobalSection
	GlobalSection(ExtensibilityGlobals) = postSolution
		SolutionGuid = {422F34A1-EE28-4BEA-8F82-8842FA0461F9}
	EndGlobalSection
EndGlobal
